// !$*UTF8*$!
{
	archiveVersion = 1;
	classes = {
	};
	objectVersion = 50;
	objects = {

/* Begin PBXBuildFile section */
		A8AB79CB26AAC4E90023BB6E /* AppDelegate.swift in Sources */ = {isa = PBXBuildFile; fileRef = A8AB79CA26AAC4E90023BB6E /* AppDelegate.swift */; };
		A8AB79CD26AAC4E90023BB6E /* SceneDelegate.swift in Sources */ = {isa = PBXBuildFile; fileRef = A8AB79CC26AAC4E90023BB6E /* SceneDelegate.swift */; };
		A8AB79CF26AAC4E90023BB6E /* ViewController.swift in Sources */ = {isa = PBXBuildFile; fileRef = A8AB79CE26AAC4E90023BB6E /* ViewController.swift */; };
		A8AB79D226AAC4E90023BB6E /* Main.storyboard in Resources */ = {isa = PBXBuildFile; fileRef = A8AB79D026AAC4E90023BB6E /* Main.storyboard */; };
		A8AB79D526AAC4E90023BB6E /* ViewLifeCycle.xcdatamodeld in Sources */ = {isa = PBXBuildFile; fileRef = A8AB79D326AAC4E90023BB6E /* ViewLifeCycle.xcdatamodeld */; };
		A8AB79D726AAC4EA0023BB6E /* Assets.xcassets in Resources */ = {isa = PBXBuildFile; fileRef = A8AB79D626AAC4EA0023BB6E /* Assets.xcassets */; };
		A8AB79DA26AAC4EA0023BB6E /* LaunchScreen.storyboard in Resources */ = {isa = PBXBuildFile; fileRef = A8AB79D826AAC4EA0023BB6E /* LaunchScreen.storyboard */; };
		A8AB79E226AAC5FF0023BB6E /* NextViewController.swift in Sources */ = {isa = PBXBuildFile; fileRef = A8AB79E126AAC5FF0023BB6E /* NextViewController.swift */; };
/* End PBXBuildFile section */

/* Begin PBXFileReference section */
		A8AB79C726AAC4E90023BB6E /* ViewLifeCycle.app */ = {isa = PBXFileReference; explicitFileType = wrapper.application; includeInIndex = 0; path = ViewLifeCycle.app; sourceTree = BUILT_PRODUCTS_DIR; };
		A8AB79CA26AAC4E90023BB6E /* AppDelegate.swift */ = {isa = PBXFileReference; lastKnownFileType = sourcecode.swift; path = AppDelegate.swift; sourceTree = "<group>"; };
		A8AB79CC26AAC4E90023BB6E /* SceneDelegate.swift */ = {isa = PBXFileReference; lastKnownFileType = sourcecode.swift; path = SceneDelegate.swift; sourceTree = "<group>"; };
		A8AB79CE26AAC4E90023BB6E /* ViewController.swift */ = {isa = PBXFileReference; lastKnownFileType = sourcecode.swift; path = ViewController.swift; sourceTree = "<group>"; };
		A8AB79D126AAC4E90023BB6E /* Base */ = {isa = PBXFileReference; lastKnownFileType = file.storyboard; name = Base; path = Base.lproj/Main.storyboard; sourceTree = "<group>"; };
		A8AB79D426AAC4E90023BB6E /* ViewLifeCycle.xcdatamodel */ = {isa = PBXFileReference; lastKnownFileType = wrapper.xcdatamodel; path = ViewLifeCycle.xcdatamodel; sourceTree = "<group>"; };
		A8AB79D626AAC4EA0023BB6E /* Assets.xcassets */ = {isa = PBXFileReference; lastKnownFileType = folder.assetcatalog; path = Assets.xcassets; sourceTree = "<group>"; };
		A8AB79D926AAC4EA0023BB6E /* Base */ = {isa = PBXFileReference; lastKnownFileType = file.storyboard; name = Base; path = Base.lproj/LaunchScreen.storyboard; sourceTree = "<group>"; };
		A8AB79DB26AAC4EA0023BB6E /* Info.plist */ = {isa = PBXFileReference; lastKnownFileType = text.plist.xml; path = Info.plist; sourceTree = "<group>"; };
		A8AB79E126AAC5FF0023BB6E /* NextViewController.swift */ = {isa = PBXFileReference; lastKnownFileType = sourcecode.swift; path = NextViewController.swift; sourceTree = "<group>"; };
/* End PBXFileReference section */

/* Begin PBXFrameworksBuildPhase section */
		A8AB79C426AAC4E90023BB6E /* Frameworks */ = {
			isa = PBXFrameworksBuildPhase;
			buildActionMask = 2147483647;
			files = (
			);
			runOnlyForDeploymentPostprocessing = 0;
		};
/* End PBXFrameworksBuildPhase section */

/* Begin PBXGroup section */
		A8AB79BE26AAC4E80023BB6E = {
			isa = PBXGroup;
			children = (
				A8AB79C926AAC4E90023BB6E /* ViewLifeCycle */,
				A8AB79C826AAC4E90023BB6E /* Products */,
			);
			sourceTree = "<group>";
		};
		A8AB79C826AAC4E90023BB6E /* Products */ = {
			isa = PBXGroup;
			children = (
				A8AB79C726AAC4E90023BB6E /* ViewLifeCycle.app */,
			);
			name = Products;
			sourceTree = "<group>";
		};
		A8AB79C926AAC4E90023BB6E /* ViewLifeCycle */ = {
			isa = PBXGroup;
			children = (
				A8AB79CA26AAC4E90023BB6E /* AppDelegate.swift */,
				A8AB79CC26AAC4E90023BB6E /* SceneDelegate.swift */,
				A8AB79CE26AAC4E90023BB6E /* ViewController.swift */,
				A8AB79D026AAC4E90023BB6E /* Main.storyboard */,
				A8AB79E126AAC5FF0023BB6E /* NextViewController.swift */,
				A8AB79D626AAC4EA0023BB6E /* Assets.xcassets */,
				A8AB79D826AAC4EA0023BB6E /* LaunchScreen.storyboard */,
				A8AB79DB26AAC4EA0023BB6E /* Info.plist */,
				A8AB79D326AAC4E90023BB6E /* ViewLifeCycle.xcdatamodeld */,
			);
			path = ViewLifeCycle;
			sourceTree = "<group>";
		};
/* End PBXGroup section */

/* Begin PBXNativeTarget section */
		A8AB79C626AAC4E90023BB6E /* ViewLifeCycle */ = {
			isa = PBXNativeTarget;
			buildConfigurationList = A8AB79DE26AAC4EA0023BB6E /* Build configuration list for PBXNativeTarget "ViewLifeCycle" */;
			buildPhases = (
				A8AB79C326AAC4E90023BB6E /* Sources */,
				A8AB79C426AAC4E90023BB6E /* Frameworks */,
				A8AB79C526AAC4E90023BB6E /* Resources */,
			);
			buildRules = (
			);
			dependencies = (
			);
			name = ViewLifeCycle;
			productName = ViewLifeCycle;
			productReference = A8AB79C726AAC4E90023BB6E /* ViewLifeCycle.app */;
			productType = "com.apple.product-type.application";
		};
/* End PBXNativeTarget section */

/* Begin PBXProject section */
		A8AB79BF26AAC4E80023BB6E /* Project object */ = {
			isa = PBXProject;
			attributes = {
				LastSwiftUpdateCheck = 1250;
				LastUpgradeCheck = 1250;
				TargetAttributes = {
					A8AB79C626AAC4E90023BB6E = {
						CreatedOnToolsVersion = 12.5;
					};
				};
			};
			buildConfigurationList = A8AB79C226AAC4E80023BB6E /* Build configuration list for PBXProject "ViewLifeCycle" */;
			compatibilityVersion = "Xcode 9.3";
			developmentRegion = en;
			hasScannedForEncodings = 0;
			knownRegions = (
				en,
				Base,
			);
			mainGroup = A8AB79BE26AAC4E80023BB6E;
			productRefGroup = A8AB79C826AAC4E90023BB6E /* Products */;
			projectDirPath = "";
			projectRoot = "";
			targets = (
				A8AB79C626AAC4E90023BB6E /* ViewLifeCycle */,
			);
		};
/* End PBXProject section */

/* Begin PBXResourcesBuildPhase section */
		A8AB79C526AAC4E90023BB6E /* Resources */ = {
			isa = PBXResourcesBuildPhase;
			buildActionMask = 2147483647;
			files = (
				A8AB79DA26AAC4EA0023BB6E /* LaunchScreen.storyboard in Resources */,
				A8AB79D726AAC4EA0023BB6E /* Assets.xcassets in Resources */,
				A8AB79D226AAC4E90023BB6E /* Main.storyboard in Resources */,
			);
			runOnlyForDeploymentPostprocessing = 0;
		};
/* End PBXResourcesBuildPhase section */

/* Begin PBXSourcesBuildPhase section */
		A8AB79C326AAC4E90023BB6E /* Sources */ = {
			isa = PBXSourcesBuildPhase;
			buildActionMask = 2147483647;
			files = (
				A8AB79E226AAC5FF0023BB6E /* NextViewController.swift in Sources */,
				A8AB79CF26AAC4E90023BB6E /* ViewController.swift in Sources */,
				A8AB79D526AAC4E90023BB6E /* ViewLifeCycle.xcdatamodeld in Sources */,
				A8AB79CB26AAC4E90023BB6E /* AppDelegate.swift in Sources */,
				A8AB79CD26AAC4E90023BB6E /* SceneDelegate.swift in Sources */,
			);
			runOnlyForDeploymentPostprocessing = 0;
		};
/* End PBXSourcesBuildPhase section */

/* Begin PBXVariantGroup section */
		A8AB79D026AAC4E90023BB6E /* Main.storyboard */ = {
			isa = PBXVariantGroup;
			children = (
				A8AB79D126AAC4E90023BB6E /* Base */,
			);
			name = Main.storyboard;
			sourceTree = "<group>";
		};
		A8AB79D826AAC4EA0023BB6E /* LaunchScreen.storyboard */ = {
			isa = PBXVariantGroup;
			children = (
				A8AB79D926AAC4EA0023BB6E /* Base */,
			);
			name = LaunchScreen.storyboard;
			sourceTree = "<group>";
		};
/* End PBXVariantGroup section */

/* Begin XCBuildConfiguration section */
		A8AB79DC26AAC4EA0023BB6E /* Debug */ = {
			isa = XCBuildConfiguration;
			buildSettings = {
				ALWAYS_SEARCH_USER_PATHS = NO;
				CLANG_ANALYZER_NONNULL = YES;
				CLANG_ANALYZER_NUMBER_OBJECT_CONVERSION = YES_AGGRESSIVE;
				CLANG_CXX_LANGUAGE_STANDARD = "gnu++14";
				CLANG_CXX_LIBRARY = "libc++";
				CLANG_ENABLE_MODULES = YES;
				CLANG_ENABLE_OBJC_ARC = YES;
				CLANG_ENABLE_OBJC_WEAK = YES;
				CLANG_WARN_BLOCK_CAPTURE_AUTORELEASING = YES;
				CLANG_WARN_BOOL_CONVERSION = YES;
				CLANG_WARN_COMMA = YES;
				CLANG_WARN_CONSTANT_CONVERSION = YES;
				CLANG_WARN_DEPRECATED_OBJC_IMPLEMENTATIONS = YES;
				CLANG_WARN_DIRECT_OBJC_ISA_USAGE = YES_ERROR;
				CLANG_WARN_DOCUMENTATION_COMMENTS = YES;
				CLANG_WARN_EMPTY_BODY = YES;
				CLANG_WARN_ENUM_CONVERSION = YES;
				CLANG_WARN_INFINITE_RECURSION = YES;
				CLANG_WARN_INT_CONVERSION = YES;
				CLANG_WARN_NON_LITERAL_NULL_CONVERSION = YES;
				CLANG_WARN_OBJC_IMPLICIT_RETAIN_SELF = YES;
				CLANG_WARN_OBJC_LITERAL_CONVERSION = YES;
				CLANG_WARN_OBJC_ROOT_CLASS = YES_ERROR;
				CLANG_WARN_QUOTED_INCLUDE_IN_FRAMEWORK_HEADER = YES;
				CLANG_WARN_RANGE_LOOP_ANALYSIS = YES;
				CLANG_WARN_STRICT_PROTOTYPES = YES;
				CLANG_WARN_SUSPICIOUS_MOVE = YES;
				CLANG_WARN_UNGUARDED_AVAILABILITY = YES_AGGRESSIVE;
				CLANG_WARN_UNREACHABLE_CODE = YES;
				CLANG_WARN__DUPLICATE_METHOD_MATCH = YES;
				COPY_PHASE_STRIP = NO;
				DEBUG_INFORMATION_FORMAT = dwarf;
				ENABLE_STRICT_OBJC_MSGSEND = YES;
				ENABLE_TESTABILITY = YES;
				GCC_C_LANGUAGE_STANDARD = gnu11;
				GCC_DYNAMIC_NO_PIC = NO;
				GCC_NO_COMMON_BLOCKS = YES;
				GCC_OPTIMIZATION_LEVEL = 0;
				GCC_PREPROCESSOR_DEFINITIONS = (
					"DEBUG=1",
					"$(inherited)",
				);
				GCC_WARN_64_TO_32_BIT_CONVERSION = YES;
				GCC_WARN_ABOUT_RETURN_TYPE = YES_ERROR;
				GCC_WARN_UNDECLARED_SELECTOR = YES;
				GCC_WARN_UNINITIALIZED_AUTOS = YES_AGGRESSIVE;
				GCC_WARN_UNUSED_FUNCTION = YES;
				GCC_WARN_UNUSED_VARIABLE = YES;
				IPHONEOS_DEPLOYMENT_TARGET = 14.5;
				MTL_ENABLE_DEBUG_INFO = INCLUDE_SOURCE;
				MTL_FAST_MATH = YES;
				ONLY_ACTIVE_ARCH = YES;
				SDKROOT = iphoneos;
				SWIFT_ACTIVE_COMPILATION_CONDITIONS = DEBUG;
				SWIFT_OPTIMIZATION_LEVEL = "-Onone";
			};
			name = Debug;
		};
		A8AB79DD26AAC4EA0023BB6E /* Release */ = {
			isa = XCBuildConfiguration;
			buildSettings = {
				ALWAYS_SEARCH_USER_PATHS = NO;
				CLANG_ANALYZER_NONNULL = YES;
				CLANG_ANALYZER_NUMBER_OBJECT_CONVERSION = YES_AGGRESSIVE;
				CLANG_CXX_LANGUAGE_STANDARD = "gnu++14";
				CLANG_CXX_LIBRARY = "libc++";
				CLANG_ENABLE_MODULES = YES;
				CLANG_ENABLE_OBJC_ARC = YES;
				CLANG_ENABLE_OBJC_WEAK = YES;
				CLANG_WARN_BLOCK_CAPTURE_AUTORELEASING = YES;
				CLANG_WARN_BOOL_CONVERSION = YES;
				CLANG_WARN_COMMA = YES;
				CLANG_WARN_CONSTANT_CONVERSION = YES;
				CLANG_WARN_DEPRECATED_OBJC_IMPLEMENTATIONS = YES;
				CLANG_WARN_DIRECT_OBJC_ISA_USAGE = YES_ERROR;
				CLANG_WARN_DOCUMENTATION_COMMENTS = YES;
				CLANG_WARN_EMPTY_BODY = YES;
				CLANG_WARN_ENUM_CONVERSION = YES;
				CLANG_WARN_INFINITE_RECURSION = YES;
				CLANG_WARN_INT_CONVERSION = YES;
				CLANG_WARN_NON_LITERAL_NULL_CONVERSION = YES;
				CLANG_WARN_OBJC_IMPLICIT_RETAIN_SELF = YES;
				CLANG_WARN_OBJC_LITERAL_CONVERSION = YES;
				CLANG_WARN_OBJC_ROOT_CLASS = YES_ERROR;
				CLANG_WARN_QUOTED_INCLUDE_IN_FRAMEWORK_HEADER = YES;
				CLANG_WARN_RANGE_LOOP_ANALYSIS = YES;
				CLANG_WARN_STRICT_PROTOTYPES = YES;
				CLANG_WARN_SUSPICIOUS_MOVE = YES;
				CLANG_WARN_UNGUARDED_AVAILABILITY = YES_AGGRESSIVE;
				CLANG_WARN_UNREACHABLE_CODE = YES;
				CLANG_WARN__DUPLICATE_METHOD_MATCH = YES;
				COPY_PHASE_STRIP = NO;
				DEBUG_INFORMATION_FORMAT = "dwarf-with-dsym";
				ENABLE_NS_ASSERTIONS = NO;
				ENABLE_STRICT_OBJC_MSGSEND = YES;
				GCC_C_LANGUAGE_STANDARD = gnu11;
				GCC_NO_COMMON_BLOCKS = YES;
				GCC_WARN_64_TO_32_BIT_CONVERSION = YES;
				GCC_WARN_ABOUT_RETURN_TYPE = YES_ERROR;
				GCC_WARN_UNDECLARED_SELECTOR = YES;
				GCC_WARN_UNINITIALIZED_AUTOS = YES_AGGRESSIVE;
				GCC_WARN_UNUSED_FUNCTION = YES;
				GCC_WARN_UNUSED_VARIABLE = YES;
				IPHONEOS_DEPLOYMENT_TARGET = 14.5;
				MTL_ENABLE_DEBUG_INFO = NO;
				MTL_FAST_MATH = YES;
				SDKROOT = iphoneos;
				SWIFT_COMPILATION_MODE = wholemodule;
				SWIFT_OPTIMIZATION_LEVEL = "-O";
				VALIDATE_PRODUCT = YES;
			};
			name = Release;
		};
		A8AB79DF26AAC4EA0023BB6E /* Debug */ = {
			isa = XCBuildConfiguration;
			buildSettings = {
				ASSETCATALOG_COMPILER_APPICON_NAME = AppIcon;
				ASSETCATALOG_COMPILER_GLOBAL_ACCENT_COLOR_NAME = AccentColor;
				CODE_SIGN_STYLE = Automatic;
				DEVELOPMENT_TEAM = 7MJ69FU8BU;
				INFOPLIST_FILE = ViewLifeCycle/Info.plist;
				LD_RUNPATH_SEARCH_PATHS = (
					"$(inherited)",
					"@executable_path/Frameworks",
				);
				PRODUCT_BUNDLE_IDENTIFIER = Tacocat.ViewLifeCycle;
				PRODUCT_NAME = "$(TARGET_NAME)";
				SWIFT_VERSION = 5.0;
				TARGETED_DEVICE_FAMILY = "1,2";
			};
			name = Debug;
		};
		A8AB79E026AAC4EA0023BB6E /* Release */ = {
			isa = XCBuildConfiguration;
			buildSettings = {
				ASSETCATALOG_COMPILER_APPICON_NAME = AppIcon;
				ASSETCATALOG_COMPILER_GLOBAL_ACCENT_COLOR_NAME = AccentColor;
				CODE_SIGN_STYLE = Automatic;
				DEVELOPMENT_TEAM = 7MJ69FU8BU;
				INFOPLIST_FILE = ViewLifeCycle/Info.plist;
				LD_RUNPATH_SEARCH_PATHS = (
					"$(inherited)",
					"@executable_path/Frameworks",
				);
				PRODUCT_BUNDLE_IDENTIFIER = Tacocat.ViewLifeCycle;
				PRODUCT_NAME = "$(TARGET_NAME)";
				SWIFT_VERSION = 5.0;
				TARGETED_DEVICE_FAMILY = "1,2";
			};
			name = Release;
		};
/* End XCBuildConfiguration section */

/* Begin XCConfigurationList section */
		A8AB79C226AAC4E80023BB6E /* Build configuration list for PBXProject "ViewLifeCycle" */ = {
			isa = XCConfigurationList;
			buildConfigurations = (
				A8AB79DC26AAC4EA0023BB6E /* Debug */,
				A8AB79DD26AAC4EA0023BB6E /* Release */,
			);
			defaultConfigurationIsVisible = 0;
			defaultConfigurationName = Release;
		};
		A8AB79DE26AAC4EA0023BB6E /* Build configuration list for PBXNativeTarget "ViewLifeCycle" */ = {
			isa = XCConfigurationList;
			buildConfigurations = (
				A8AB79DF26AAC4EA0023BB6E /* Debug */,
				A8AB79E026AAC4EA0023BB6E /* Release */,
			);
			defaultConfigurationIsVisible = 0;
			defaultConfigurationName = Release;
		};
/* End XCConfigurationList section */

/* Begin XCVersionGroup section */
		A8AB79D326AAC4E90023BB6E /* ViewLifeCycle.xcdatamodeld */ = {
			isa = XCVersionGroup;
			children = (
				A8AB79D426AAC4E90023BB6E /* ViewLifeCycle.xcdatamodel */,
			);
			currentVersion = A8AB79D426AAC4E90023BB6E /* ViewLifeCycle.xcdatamodel */;
			path = ViewLifeCycle.xcdatamodeld;
			sourceTree = "<group>";
			versionGroupType = wrapper.xcdatamodel;
		};
/* End XCVersionGroup section */
	};
	rootObject = A8AB79BF26AAC4E80023BB6E /* Project object */;
}
