// !$*UTF8*$!
{
	archiveVersion = 1;
	classes = {
	};
	objectVersion = 50;
	objects = {

/* Begin PBXBuildFile section */
		A82B6F4026E99F7000ED0070 /* AppDelegate.swift in Sources */ = {isa = PBXBuildFile; fileRef = A82B6F3F26E99F7000ED0070 /* AppDelegate.swift */; };
		A82B6F4226E99F7000ED0070 /* SceneDelegate.swift in Sources */ = {isa = PBXBuildFile; fileRef = A82B6F4126E99F7000ED0070 /* SceneDelegate.swift */; };
		A82B6F4726E99F7000ED0070 /* Main.storyboard in Resources */ = {isa = PBXBuildFile; fileRef = A82B6F4526E99F7000ED0070 /* Main.storyboard */; };
		A82B6F4926E99F7100ED0070 /* Assets.xcassets in Resources */ = {isa = PBXBuildFile; fileRef = A82B6F4826E99F7100ED0070 /* Assets.xcassets */; };
		A82B6F4C26E99F7100ED0070 /* LaunchScreen.storyboard in Resources */ = {isa = PBXBuildFile; fileRef = A82B6F4A26E99F7100ED0070 /* LaunchScreen.storyboard */; };
		A82B6F5426E9A55B00ED0070 /* View.swift in Sources */ = {isa = PBXBuildFile; fileRef = A82B6F5326E9A55B00ED0070 /* View.swift */; };
		A82B6F5626E9A74800ED0070 /* Button.swift in Sources */ = {isa = PBXBuildFile; fileRef = A82B6F5526E9A74800ED0070 /* Button.swift */; };
		A8480C2126F99EA600286B37 /* GestureRecognizer.swift in Sources */ = {isa = PBXBuildFile; fileRef = A8480C2026F99EA600286B37 /* GestureRecognizer.swift */; };
/* End PBXBuildFile section */

/* Begin PBXFileReference section */
		A82B6F3C26E99F7000ED0070 /* ResponderChainExercise.app */ = {isa = PBXFileReference; explicitFileType = wrapper.application; includeInIndex = 0; path = ResponderChainExercise.app; sourceTree = BUILT_PRODUCTS_DIR; };
		A82B6F3F26E99F7000ED0070 /* AppDelegate.swift */ = {isa = PBXFileReference; lastKnownFileType = sourcecode.swift; path = AppDelegate.swift; sourceTree = "<group>"; };
		A82B6F4126E99F7000ED0070 /* SceneDelegate.swift */ = {isa = PBXFileReference; lastKnownFileType = sourcecode.swift; path = SceneDelegate.swift; sourceTree = "<group>"; };
		A82B6F4626E99F7000ED0070 /* Base */ = {isa = PBXFileReference; lastKnownFileType = file.storyboard; name = Base; path = Base.lproj/Main.storyboard; sourceTree = "<group>"; };
		A82B6F4826E99F7100ED0070 /* Assets.xcassets */ = {isa = PBXFileReference; lastKnownFileType = folder.assetcatalog; path = Assets.xcassets; sourceTree = "<group>"; };
		A82B6F4B26E99F7100ED0070 /* Base */ = {isa = PBXFileReference; lastKnownFileType = file.storyboard; name = Base; path = Base.lproj/LaunchScreen.storyboard; sourceTree = "<group>"; };
		A82B6F4D26E99F7100ED0070 /* Info.plist */ = {isa = PBXFileReference; lastKnownFileType = text.plist.xml; path = Info.plist; sourceTree = "<group>"; };
		A82B6F5326E9A55B00ED0070 /* View.swift */ = {isa = PBXFileReference; lastKnownFileType = sourcecode.swift; path = View.swift; sourceTree = "<group>"; };
		A82B6F5526E9A74800ED0070 /* Button.swift */ = {isa = PBXFileReference; lastKnownFileType = sourcecode.swift; path = Button.swift; sourceTree = "<group>"; };
		A8480C2026F99EA600286B37 /* GestureRecognizer.swift */ = {isa = PBXFileReference; lastKnownFileType = sourcecode.swift; path = GestureRecognizer.swift; sourceTree = "<group>"; };
/* End PBXFileReference section */

/* Begin PBXFrameworksBuildPhase section */
		A82B6F3926E99F7000ED0070 /* Frameworks */ = {
			isa = PBXFrameworksBuildPhase;
			buildActionMask = 2147483647;
			files = (
			);
			runOnlyForDeploymentPostprocessing = 0;
		};
/* End PBXFrameworksBuildPhase section */

/* Begin PBXGroup section */
		A82B6F3326E99F7000ED0070 = {
			isa = PBXGroup;
			children = (
				A82B6F3E26E99F7000ED0070 /* ResponderChainExercise */,
				A82B6F3D26E99F7000ED0070 /* Products */,
			);
			sourceTree = "<group>";
		};
		A82B6F3D26E99F7000ED0070 /* Products */ = {
			isa = PBXGroup;
			children = (
				A82B6F3C26E99F7000ED0070 /* ResponderChainExercise.app */,
			);
			name = Products;
			sourceTree = "<group>";
		};
		A82B6F3E26E99F7000ED0070 /* ResponderChainExercise */ = {
			isa = PBXGroup;
			children = (
				A8480C2226F9C17400286B37 /* Life Cycle */,
				A8480C2326F9C17E00286B37 /* CustomUIElement */,
				A82B6F4526E99F7000ED0070 /* Main.storyboard */,
				A82B6F4826E99F7100ED0070 /* Assets.xcassets */,
				A82B6F4A26E99F7100ED0070 /* LaunchScreen.storyboard */,
				A82B6F4D26E99F7100ED0070 /* Info.plist */,
			);
			path = ResponderChainExercise;
			sourceTree = "<group>";
		};
		A8480C2226F9C17400286B37 /* Life Cycle */ = {
			isa = PBXGroup;
			children = (
				A82B6F3F26E99F7000ED0070 /* AppDelegate.swift */,
				A82B6F4126E99F7000ED0070 /* SceneDelegate.swift */,
			);
			path = "Life Cycle";
			sourceTree = "<group>";
		};
		A8480C2326F9C17E00286B37 /* CustomUIElement */ = {
			isa = PBXGroup;
			children = (
				A8480C2026F99EA600286B37 /* GestureRecognizer.swift */,
				A82B6F5326E9A55B00ED0070 /* View.swift */,
				A82B6F5526E9A74800ED0070 /* Button.swift */,
			);
			path = CustomUIElement;
			sourceTree = "<group>";
		};
/* End PBXGroup section */

/* Begin PBXNativeTarget section */
		A82B6F3B26E99F7000ED0070 /* ResponderChainExercise */ = {
			isa = PBXNativeTarget;
			buildConfigurationList = A82B6F5026E99F7100ED0070 /* Build configuration list for PBXNativeTarget "ResponderChainExercise" */;
			buildPhases = (
				A82B6F3826E99F7000ED0070 /* Sources */,
				A82B6F3926E99F7000ED0070 /* Frameworks */,
				A82B6F3A26E99F7000ED0070 /* Resources */,
			);
			buildRules = (
			);
			dependencies = (
			);
			name = ResponderChainExercise;
			productName = ResponderChainExercise;
			productReference = A82B6F3C26E99F7000ED0070 /* ResponderChainExercise.app */;
			productType = "com.apple.product-type.application";
		};
/* End PBXNativeTarget section */

/* Begin PBXProject section */
		A82B6F3426E99F7000ED0070 /* Project object */ = {
			isa = PBXProject;
			attributes = {
				LastSwiftUpdateCheck = 1250;
				LastUpgradeCheck = 1250;
				TargetAttributes = {
					A82B6F3B26E99F7000ED0070 = {
						CreatedOnToolsVersion = 12.5;
					};
				};
			};
			buildConfigurationList = A82B6F3726E99F7000ED0070 /* Build configuration list for PBXProject "ResponderChainExercise" */;
			compatibilityVersion = "Xcode 9.3";
			developmentRegion = en;
			hasScannedForEncodings = 0;
			knownRegions = (
				en,
				Base,
			);
			mainGroup = A82B6F3326E99F7000ED0070;
			productRefGroup = A82B6F3D26E99F7000ED0070 /* Products */;
			projectDirPath = "";
			projectRoot = "";
			targets = (
				A82B6F3B26E99F7000ED0070 /* ResponderChainExercise */,
			);
		};
/* End PBXProject section */

/* Begin PBXResourcesBuildPhase section */
		A82B6F3A26E99F7000ED0070 /* Resources */ = {
			isa = PBXResourcesBuildPhase;
			buildActionMask = 2147483647;
			files = (
				A82B6F4C26E99F7100ED0070 /* LaunchScreen.storyboard in Resources */,
				A82B6F4926E99F7100ED0070 /* Assets.xcassets in Resources */,
				A82B6F4726E99F7000ED0070 /* Main.storyboard in Resources */,
			);
			runOnlyForDeploymentPostprocessing = 0;
		};
/* End PBXResourcesBuildPhase section */

/* Begin PBXSourcesBuildPhase section */
		A82B6F3826E99F7000ED0070 /* Sources */ = {
			isa = PBXSourcesBuildPhase;
			buildActionMask = 2147483647;
			files = (
				A8480C2126F99EA600286B37 /* GestureRecognizer.swift in Sources */,
				A82B6F5626E9A74800ED0070 /* Button.swift in Sources */,
				A82B6F4026E99F7000ED0070 /* AppDelegate.swift in Sources */,
				A82B6F5426E9A55B00ED0070 /* View.swift in Sources */,
				A82B6F4226E99F7000ED0070 /* SceneDelegate.swift in Sources */,
			);
			runOnlyForDeploymentPostprocessing = 0;
		};
/* End PBXSourcesBuildPhase section */

/* Begin PBXVariantGroup section */
		A82B6F4526E99F7000ED0070 /* Main.storyboard */ = {
			isa = PBXVariantGroup;
			children = (
				A82B6F4626E99F7000ED0070 /* Base */,
			);
			name = Main.storyboard;
			sourceTree = "<group>";
		};
		A82B6F4A26E99F7100ED0070 /* LaunchScreen.storyboard */ = {
			isa = PBXVariantGroup;
			children = (
				A82B6F4B26E99F7100ED0070 /* Base */,
			);
			name = LaunchScreen.storyboard;
			sourceTree = "<group>";
		};
/* End PBXVariantGroup section */

/* Begin XCBuildConfiguration section */
		A82B6F4E26E99F7100ED0070 /* Debug */ = {
			isa = XCBuildConfiguration;
			buildSettings = {
				ALWAYS_SEARCH_USER_PATHS = NO;
				CLANG_ANALYZER_NONNULL = YES;
				CLANG_ANALYZER_NUMBER_OBJECT_CONVERSION = YES_AGGRESSIVE;
				CLANG_CXX_LANGUAGE_STANDARD = "gnu++14";
				CLANG_CXX_LIBRARY = "libc++";
				CLANG_ENABLE_MODULES = YES;
				CLANG_ENABLE_OBJC_ARC = YES;
				CLANG_ENABLE_OBJC_WEAK = YES;
				CLANG_WARN_BLOCK_CAPTURE_AUTORELEASING = YES;
				CLANG_WARN_BOOL_CONVERSION = YES;
				CLANG_WARN_COMMA = YES;
				CLANG_WARN_CONSTANT_CONVERSION = YES;
				CLANG_WARN_DEPRECATED_OBJC_IMPLEMENTATIONS = YES;
				CLANG_WARN_DIRECT_OBJC_ISA_USAGE = YES_ERROR;
				CLANG_WARN_DOCUMENTATION_COMMENTS = YES;
				CLANG_WARN_EMPTY_BODY = YES;
				CLANG_WARN_ENUM_CONVERSION = YES;
				CLANG_WARN_INFINITE_RECURSION = YES;
				CLANG_WARN_INT_CONVERSION = YES;
				CLANG_WARN_NON_LITERAL_NULL_CONVERSION = YES;
				CLANG_WARN_OBJC_IMPLICIT_RETAIN_SELF = YES;
				CLANG_WARN_OBJC_LITERAL_CONVERSION = YES;
				CLANG_WARN_OBJC_ROOT_CLASS = YES_ERROR;
				CLANG_WARN_QUOTED_INCLUDE_IN_FRAMEWORK_HEADER = YES;
				CLANG_WARN_RANGE_LOOP_ANALYSIS = YES;
				CLANG_WARN_STRICT_PROTOTYPES = YES;
				CLANG_WARN_SUSPICIOUS_MOVE = YES;
				CLANG_WARN_UNGUARDED_AVAILABILITY = YES_AGGRESSIVE;
				CLANG_WARN_UNREACHABLE_CODE = YES;
				CLANG_WARN__DUPLICATE_METHOD_MATCH = YES;
				COPY_PHASE_STRIP = NO;
				DEBUG_INFORMATION_FORMAT = dwarf;
				ENABLE_STRICT_OBJC_MSGSEND = YES;
				ENABLE_TESTABILITY = YES;
				GCC_C_LANGUAGE_STANDARD = gnu11;
				GCC_DYNAMIC_NO_PIC = NO;
				GCC_NO_COMMON_BLOCKS = YES;
				GCC_OPTIMIZATION_LEVEL = 0;
				GCC_PREPROCESSOR_DEFINITIONS = (
					"DEBUG=1",
					"$(inherited)",
				);
				GCC_WARN_64_TO_32_BIT_CONVERSION = YES;
				GCC_WARN_ABOUT_RETURN_TYPE = YES_ERROR;
				GCC_WARN_UNDECLARED_SELECTOR = YES;
				GCC_WARN_UNINITIALIZED_AUTOS = YES_AGGRESSIVE;
				GCC_WARN_UNUSED_FUNCTION = YES;
				GCC_WARN_UNUSED_VARIABLE = YES;
				IPHONEOS_DEPLOYMENT_TARGET = 14.5;
				MTL_ENABLE_DEBUG_INFO = INCLUDE_SOURCE;
				MTL_FAST_MATH = YES;
				ONLY_ACTIVE_ARCH = YES;
				SDKROOT = iphoneos;
				SWIFT_ACTIVE_COMPILATION_CONDITIONS = DEBUG;
				SWIFT_OPTIMIZATION_LEVEL = "-Onone";
			};
			name = Debug;
		};
		A82B6F4F26E99F7100ED0070 /* Release */ = {
			isa = XCBuildConfiguration;
			buildSettings = {
				ALWAYS_SEARCH_USER_PATHS = NO;
				CLANG_ANALYZER_NONNULL = YES;
				CLANG_ANALYZER_NUMBER_OBJECT_CONVERSION = YES_AGGRESSIVE;
				CLANG_CXX_LANGUAGE_STANDARD = "gnu++14";
				CLANG_CXX_LIBRARY = "libc++";
				CLANG_ENABLE_MODULES = YES;
				CLANG_ENABLE_OBJC_ARC = YES;
				CLANG_ENABLE_OBJC_WEAK = YES;
				CLANG_WARN_BLOCK_CAPTURE_AUTORELEASING = YES;
				CLANG_WARN_BOOL_CONVERSION = YES;
				CLANG_WARN_COMMA = YES;
				CLANG_WARN_CONSTANT_CONVERSION = YES;
				CLANG_WARN_DEPRECATED_OBJC_IMPLEMENTATIONS = YES;
				CLANG_WARN_DIRECT_OBJC_ISA_USAGE = YES_ERROR;
				CLANG_WARN_DOCUMENTATION_COMMENTS = YES;
				CLANG_WARN_EMPTY_BODY = YES;
				CLANG_WARN_ENUM_CONVERSION = YES;
				CLANG_WARN_INFINITE_RECURSION = YES;
				CLANG_WARN_INT_CONVERSION = YES;
				CLANG_WARN_NON_LITERAL_NULL_CONVERSION = YES;
				CLANG_WARN_OBJC_IMPLICIT_RETAIN_SELF = YES;
				CLANG_WARN_OBJC_LITERAL_CONVERSION = YES;
				CLANG_WARN_OBJC_ROOT_CLASS = YES_ERROR;
				CLANG_WARN_QUOTED_INCLUDE_IN_FRAMEWORK_HEADER = YES;
				CLANG_WARN_RANGE_LOOP_ANALYSIS = YES;
				CLANG_WARN_STRICT_PROTOTYPES = YES;
				CLANG_WARN_SUSPICIOUS_MOVE = YES;
				CLANG_WARN_UNGUARDED_AVAILABILITY = YES_AGGRESSIVE;
				CLANG_WARN_UNREACHABLE_CODE = YES;
				CLANG_WARN__DUPLICATE_METHOD_MATCH = YES;
				COPY_PHASE_STRIP = NO;
				DEBUG_INFORMATION_FORMAT = "dwarf-with-dsym";
				ENABLE_NS_ASSERTIONS = NO;
				ENABLE_STRICT_OBJC_MSGSEND = YES;
				GCC_C_LANGUAGE_STANDARD = gnu11;
				GCC_NO_COMMON_BLOCKS = YES;
				GCC_WARN_64_TO_32_BIT_CONVERSION = YES;
				GCC_WARN_ABOUT_RETURN_TYPE = YES_ERROR;
				GCC_WARN_UNDECLARED_SELECTOR = YES;
				GCC_WARN_UNINITIALIZED_AUTOS = YES_AGGRESSIVE;
				GCC_WARN_UNUSED_FUNCTION = YES;
				GCC_WARN_UNUSED_VARIABLE = YES;
				IPHONEOS_DEPLOYMENT_TARGET = 14.5;
				MTL_ENABLE_DEBUG_INFO = NO;
				MTL_FAST_MATH = YES;
				SDKROOT = iphoneos;
				SWIFT_COMPILATION_MODE = wholemodule;
				SWIFT_OPTIMIZATION_LEVEL = "-O";
				VALIDATE_PRODUCT = YES;
			};
			name = Release;
		};
		A82B6F5126E99F7100ED0070 /* Debug */ = {
			isa = XCBuildConfiguration;
			buildSettings = {
				ASSETCATALOG_COMPILER_APPICON_NAME = AppIcon;
				ASSETCATALOG_COMPILER_GLOBAL_ACCENT_COLOR_NAME = AccentColor;
				CODE_SIGN_STYLE = Automatic;
				DEVELOPMENT_TEAM = 7MJ69FU8BU;
				INFOPLIST_FILE = ResponderChainExercise/Info.plist;
				LD_RUNPATH_SEARCH_PATHS = (
					"$(inherited)",
					"@executable_path/Frameworks",
				);
				PRODUCT_BUNDLE_IDENTIFIER = Tacocat.ResponderChainExercise;
				PRODUCT_NAME = "$(TARGET_NAME)";
				SWIFT_VERSION = 5.0;
				TARGETED_DEVICE_FAMILY = "1,2";
			};
			name = Debug;
		};
		A82B6F5226E99F7100ED0070 /* Release */ = {
			isa = XCBuildConfiguration;
			buildSettings = {
				ASSETCATALOG_COMPILER_APPICON_NAME = AppIcon;
				ASSETCATALOG_COMPILER_GLOBAL_ACCENT_COLOR_NAME = AccentColor;
				CODE_SIGN_STYLE = Automatic;
				DEVELOPMENT_TEAM = 7MJ69FU8BU;
				INFOPLIST_FILE = ResponderChainExercise/Info.plist;
				LD_RUNPATH_SEARCH_PATHS = (
					"$(inherited)",
					"@executable_path/Frameworks",
				);
				PRODUCT_BUNDLE_IDENTIFIER = Tacocat.ResponderChainExercise;
				PRODUCT_NAME = "$(TARGET_NAME)";
				SWIFT_VERSION = 5.0;
				TARGETED_DEVICE_FAMILY = "1,2";
			};
			name = Release;
		};
/* End XCBuildConfiguration section */

/* Begin XCConfigurationList section */
		A82B6F3726E99F7000ED0070 /* Build configuration list for PBXProject "ResponderChainExercise" */ = {
			isa = XCConfigurationList;
			buildConfigurations = (
				A82B6F4E26E99F7100ED0070 /* Debug */,
				A82B6F4F26E99F7100ED0070 /* Release */,
			);
			defaultConfigurationIsVisible = 0;
			defaultConfigurationName = Release;
		};
		A82B6F5026E99F7100ED0070 /* Build configuration list for PBXNativeTarget "ResponderChainExercise" */ = {
			isa = XCConfigurationList;
			buildConfigurations = (
				A82B6F5126E99F7100ED0070 /* Debug */,
				A82B6F5226E99F7100ED0070 /* Release */,
			);
			defaultConfigurationIsVisible = 0;
			defaultConfigurationName = Release;
		};
/* End XCConfigurationList section */
	};
	rootObject = A82B6F3426E99F7000ED0070 /* Project object */;
}
