// !$*UTF8*$!
{
	archiveVersion = 1;
	classes = {
	};
	objectVersion = 50;
	objects = {

/* Begin PBXBuildFile section */
		A836A0C526AB8BB9005B05E5 /* DetailViewController.swift in Sources */ = {isa = PBXBuildFile; fileRef = A836A0C426AB8BB9005B05E5 /* DetailViewController.swift */; };
		A836A0C726AB8C7A005B05E5 /* EnglishDetailViewController.swift in Sources */ = {isa = PBXBuildFile; fileRef = A836A0C626AB8C7A005B05E5 /* EnglishDetailViewController.swift */; };
		A836A0C926AB91A0005B05E5 /* TableViewCell.swift in Sources */ = {isa = PBXBuildFile; fileRef = A836A0C826AB91A0005B05E5 /* TableViewCell.swift */; };
		A875058A26B6191600B0D06B /* ClosureViewController.swift in Sources */ = {isa = PBXBuildFile; fileRef = A875058926B6191600B0D06B /* ClosureViewController.swift */; };
		A8AB79F226AAEE7F0023BB6E /* AppDelegate.swift in Sources */ = {isa = PBXBuildFile; fileRef = A8AB79F126AAEE7F0023BB6E /* AppDelegate.swift */; };
		A8AB79F426AAEE7F0023BB6E /* SceneDelegate.swift in Sources */ = {isa = PBXBuildFile; fileRef = A8AB79F326AAEE7F0023BB6E /* SceneDelegate.swift */; };
		A8AB79F626AAEE7F0023BB6E /* ViewController.swift in Sources */ = {isa = PBXBuildFile; fileRef = A8AB79F526AAEE7F0023BB6E /* ViewController.swift */; };
		A8AB79F926AAEE7F0023BB6E /* Main.storyboard in Resources */ = {isa = PBXBuildFile; fileRef = A8AB79F726AAEE7F0023BB6E /* Main.storyboard */; };
		A8AB79FC26AAEE7F0023BB6E /* DataTransfer_Delegation.xcdatamodeld in Sources */ = {isa = PBXBuildFile; fileRef = A8AB79FA26AAEE7F0023BB6E /* DataTransfer_Delegation.xcdatamodeld */; };
		A8AB79FE26AAEE810023BB6E /* Assets.xcassets in Resources */ = {isa = PBXBuildFile; fileRef = A8AB79FD26AAEE810023BB6E /* Assets.xcassets */; };
		A8AB7A0126AAEE810023BB6E /* LaunchScreen.storyboard in Resources */ = {isa = PBXBuildFile; fileRef = A8AB79FF26AAEE810023BB6E /* LaunchScreen.storyboard */; };
		A8AB7A0C26AAEED00023BB6E /* TodoList.swift in Sources */ = {isa = PBXBuildFile; fileRef = A8AB7A0B26AAEED00023BB6E /* TodoList.swift */; };
/* End PBXBuildFile section */

/* Begin PBXFileReference section */
		A836A0C426AB8BB9005B05E5 /* DetailViewController.swift */ = {isa = PBXFileReference; lastKnownFileType = sourcecode.swift; path = DetailViewController.swift; sourceTree = "<group>"; };
		A836A0C626AB8C7A005B05E5 /* EnglishDetailViewController.swift */ = {isa = PBXFileReference; lastKnownFileType = sourcecode.swift; path = EnglishDetailViewController.swift; sourceTree = "<group>"; };
		A836A0C826AB91A0005B05E5 /* TableViewCell.swift */ = {isa = PBXFileReference; lastKnownFileType = sourcecode.swift; path = TableViewCell.swift; sourceTree = "<group>"; };
		A875058926B6191600B0D06B /* ClosureViewController.swift */ = {isa = PBXFileReference; lastKnownFileType = sourcecode.swift; path = ClosureViewController.swift; sourceTree = "<group>"; };
		A8AB79EE26AAEE7F0023BB6E /* DataTransfer_Delegation.app */ = {isa = PBXFileReference; explicitFileType = wrapper.application; includeInIndex = 0; path = DataTransfer_Delegation.app; sourceTree = BUILT_PRODUCTS_DIR; };
		A8AB79F126AAEE7F0023BB6E /* AppDelegate.swift */ = {isa = PBXFileReference; lastKnownFileType = sourcecode.swift; path = AppDelegate.swift; sourceTree = "<group>"; };
		A8AB79F326AAEE7F0023BB6E /* SceneDelegate.swift */ = {isa = PBXFileReference; lastKnownFileType = sourcecode.swift; path = SceneDelegate.swift; sourceTree = "<group>"; };
		A8AB79F526AAEE7F0023BB6E /* ViewController.swift */ = {isa = PBXFileReference; lastKnownFileType = sourcecode.swift; path = ViewController.swift; sourceTree = "<group>"; };
		A8AB79F826AAEE7F0023BB6E /* Base */ = {isa = PBXFileReference; lastKnownFileType = file.storyboard; name = Base; path = Base.lproj/Main.storyboard; sourceTree = "<group>"; };
		A8AB79FB26AAEE7F0023BB6E /* DataTransfer_Delegation.xcdatamodel */ = {isa = PBXFileReference; lastKnownFileType = wrapper.xcdatamodel; path = DataTransfer_Delegation.xcdatamodel; sourceTree = "<group>"; };
		A8AB79FD26AAEE810023BB6E /* Assets.xcassets */ = {isa = PBXFileReference; lastKnownFileType = folder.assetcatalog; path = Assets.xcassets; sourceTree = "<group>"; };
		A8AB7A0026AAEE810023BB6E /* Base */ = {isa = PBXFileReference; lastKnownFileType = file.storyboard; name = Base; path = Base.lproj/LaunchScreen.storyboard; sourceTree = "<group>"; };
		A8AB7A0226AAEE810023BB6E /* Info.plist */ = {isa = PBXFileReference; lastKnownFileType = text.plist.xml; path = Info.plist; sourceTree = "<group>"; };
		A8AB7A0B26AAEED00023BB6E /* TodoList.swift */ = {isa = PBXFileReference; lastKnownFileType = sourcecode.swift; path = TodoList.swift; sourceTree = "<group>"; };
/* End PBXFileReference section */

/* Begin PBXFrameworksBuildPhase section */
		A8AB79EB26AAEE7F0023BB6E /* Frameworks */ = {
			isa = PBXFrameworksBuildPhase;
			buildActionMask = 2147483647;
			files = (
			);
			runOnlyForDeploymentPostprocessing = 0;
		};
/* End PBXFrameworksBuildPhase section */

/* Begin PBXGroup section */
		A8AB79E526AAEE7F0023BB6E = {
			isa = PBXGroup;
			children = (
				A8AB79F026AAEE7F0023BB6E /* DataTransfer_Delegation */,
				A8AB79EF26AAEE7F0023BB6E /* Products */,
			);
			sourceTree = "<group>";
		};
		A8AB79EF26AAEE7F0023BB6E /* Products */ = {
			isa = PBXGroup;
			children = (
				A8AB79EE26AAEE7F0023BB6E /* DataTransfer_Delegation.app */,
			);
			name = Products;
			sourceTree = "<group>";
		};
		A8AB79F026AAEE7F0023BB6E /* DataTransfer_Delegation */ = {
			isa = PBXGroup;
			children = (
				A8AB7A0A26AAEE950023BB6E /* Model */,
				A8AB7A0926AAEE910023BB6E /* View */,
				A8AB7A0826AAEE8C0023BB6E /* Controller */,
				A8AB79FD26AAEE810023BB6E /* Assets.xcassets */,
				A8AB7A0226AAEE810023BB6E /* Info.plist */,
				A8AB79FA26AAEE7F0023BB6E /* DataTransfer_Delegation.xcdatamodeld */,
			);
			path = DataTransfer_Delegation;
			sourceTree = "<group>";
		};
		A8AB7A0826AAEE8C0023BB6E /* Controller */ = {
			isa = PBXGroup;
			children = (
				A836A0C426AB8BB9005B05E5 /* DetailViewController.swift */,
				A8AB79F526AAEE7F0023BB6E /* ViewController.swift */,
				A8AB79F126AAEE7F0023BB6E /* AppDelegate.swift */,
				A8AB79F326AAEE7F0023BB6E /* SceneDelegate.swift */,
				A836A0C626AB8C7A005B05E5 /* EnglishDetailViewController.swift */,
				A836A0C826AB91A0005B05E5 /* TableViewCell.swift */,
				A875058926B6191600B0D06B /* ClosureViewController.swift */,
			);
			path = Controller;
			sourceTree = "<group>";
		};
		A8AB7A0926AAEE910023BB6E /* View */ = {
			isa = PBXGroup;
			children = (
				A8AB79F726AAEE7F0023BB6E /* Main.storyboard */,
				A8AB79FF26AAEE810023BB6E /* LaunchScreen.storyboard */,
			);
			path = View;
			sourceTree = "<group>";
		};
		A8AB7A0A26AAEE950023BB6E /* Model */ = {
			isa = PBXGroup;
			children = (
				A8AB7A0B26AAEED00023BB6E /* TodoList.swift */,
			);
			path = Model;
			sourceTree = "<group>";
		};
/* End PBXGroup section */

/* Begin PBXNativeTarget section */
		A8AB79ED26AAEE7F0023BB6E /* DataTransfer_Delegation */ = {
			isa = PBXNativeTarget;
			buildConfigurationList = A8AB7A0526AAEE810023BB6E /* Build configuration list for PBXNativeTarget "DataTransfer_Delegation" */;
			buildPhases = (
				A8AB79EA26AAEE7F0023BB6E /* Sources */,
				A8AB79EB26AAEE7F0023BB6E /* Frameworks */,
				A8AB79EC26AAEE7F0023BB6E /* Resources */,
			);
			buildRules = (
			);
			dependencies = (
			);
			name = DataTransfer_Delegation;
			productName = DataTransfer_Delegation;
			productReference = A8AB79EE26AAEE7F0023BB6E /* DataTransfer_Delegation.app */;
			productType = "com.apple.product-type.application";
		};
/* End PBXNativeTarget section */

/* Begin PBXProject section */
		A8AB79E626AAEE7F0023BB6E /* Project object */ = {
			isa = PBXProject;
			attributes = {
				LastSwiftUpdateCheck = 1250;
				LastUpgradeCheck = 1250;
				TargetAttributes = {
					A8AB79ED26AAEE7F0023BB6E = {
						CreatedOnToolsVersion = 12.5;
					};
				};
			};
			buildConfigurationList = A8AB79E926AAEE7F0023BB6E /* Build configuration list for PBXProject "DataTransfer_Delegation" */;
			compatibilityVersion = "Xcode 9.3";
			developmentRegion = en;
			hasScannedForEncodings = 0;
			knownRegions = (
				en,
				Base,
			);
			mainGroup = A8AB79E526AAEE7F0023BB6E;
			productRefGroup = A8AB79EF26AAEE7F0023BB6E /* Products */;
			projectDirPath = "";
			projectRoot = "";
			targets = (
				A8AB79ED26AAEE7F0023BB6E /* DataTransfer_Delegation */,
			);
		};
/* End PBXProject section */

/* Begin PBXResourcesBuildPhase section */
		A8AB79EC26AAEE7F0023BB6E /* Resources */ = {
			isa = PBXResourcesBuildPhase;
			buildActionMask = 2147483647;
			files = (
				A8AB7A0126AAEE810023BB6E /* LaunchScreen.storyboard in Resources */,
				A8AB79FE26AAEE810023BB6E /* Assets.xcassets in Resources */,
				A8AB79F926AAEE7F0023BB6E /* Main.storyboard in Resources */,
			);
			runOnlyForDeploymentPostprocessing = 0;
		};
/* End PBXResourcesBuildPhase section */

/* Begin PBXSourcesBuildPhase section */
		A8AB79EA26AAEE7F0023BB6E /* Sources */ = {
			isa = PBXSourcesBuildPhase;
			buildActionMask = 2147483647;
			files = (
				A875058A26B6191600B0D06B /* ClosureViewController.swift in Sources */,
				A8AB7A0C26AAEED00023BB6E /* TodoList.swift in Sources */,
				A836A0C926AB91A0005B05E5 /* TableViewCell.swift in Sources */,
				A8AB79F626AAEE7F0023BB6E /* ViewController.swift in Sources */,
				A8AB79F226AAEE7F0023BB6E /* AppDelegate.swift in Sources */,
				A836A0C526AB8BB9005B05E5 /* DetailViewController.swift in Sources */,
				A8AB79FC26AAEE7F0023BB6E /* DataTransfer_Delegation.xcdatamodeld in Sources */,
				A8AB79F426AAEE7F0023BB6E /* SceneDelegate.swift in Sources */,
				A836A0C726AB8C7A005B05E5 /* EnglishDetailViewController.swift in Sources */,
			);
			runOnlyForDeploymentPostprocessing = 0;
		};
/* End PBXSourcesBuildPhase section */

/* Begin PBXVariantGroup section */
		A8AB79F726AAEE7F0023BB6E /* Main.storyboard */ = {
			isa = PBXVariantGroup;
			children = (
				A8AB79F826AAEE7F0023BB6E /* Base */,
			);
			name = Main.storyboard;
			sourceTree = "<group>";
		};
		A8AB79FF26AAEE810023BB6E /* LaunchScreen.storyboard */ = {
			isa = PBXVariantGroup;
			children = (
				A8AB7A0026AAEE810023BB6E /* Base */,
			);
			name = LaunchScreen.storyboard;
			sourceTree = "<group>";
		};
/* End PBXVariantGroup section */

/* Begin XCBuildConfiguration section */
		A8AB7A0326AAEE810023BB6E /* Debug */ = {
			isa = XCBuildConfiguration;
			buildSettings = {
				ALWAYS_SEARCH_USER_PATHS = NO;
				CLANG_ANALYZER_NONNULL = YES;
				CLANG_ANALYZER_NUMBER_OBJECT_CONVERSION = YES_AGGRESSIVE;
				CLANG_CXX_LANGUAGE_STANDARD = "gnu++14";
				CLANG_CXX_LIBRARY = "libc++";
				CLANG_ENABLE_MODULES = YES;
				CLANG_ENABLE_OBJC_ARC = YES;
				CLANG_ENABLE_OBJC_WEAK = YES;
				CLANG_WARN_BLOCK_CAPTURE_AUTORELEASING = YES;
				CLANG_WARN_BOOL_CONVERSION = YES;
				CLANG_WARN_COMMA = YES;
				CLANG_WARN_CONSTANT_CONVERSION = YES;
				CLANG_WARN_DEPRECATED_OBJC_IMPLEMENTATIONS = YES;
				CLANG_WARN_DIRECT_OBJC_ISA_USAGE = YES_ERROR;
				CLANG_WARN_DOCUMENTATION_COMMENTS = YES;
				CLANG_WARN_EMPTY_BODY = YES;
				CLANG_WARN_ENUM_CONVERSION = YES;
				CLANG_WARN_INFINITE_RECURSION = YES;
				CLANG_WARN_INT_CONVERSION = YES;
				CLANG_WARN_NON_LITERAL_NULL_CONVERSION = YES;
				CLANG_WARN_OBJC_IMPLICIT_RETAIN_SELF = YES;
				CLANG_WARN_OBJC_LITERAL_CONVERSION = YES;
				CLANG_WARN_OBJC_ROOT_CLASS = YES_ERROR;
				CLANG_WARN_QUOTED_INCLUDE_IN_FRAMEWORK_HEADER = YES;
				CLANG_WARN_RANGE_LOOP_ANALYSIS = YES;
				CLANG_WARN_STRICT_PROTOTYPES = YES;
				CLANG_WARN_SUSPICIOUS_MOVE = YES;
				CLANG_WARN_UNGUARDED_AVAILABILITY = YES_AGGRESSIVE;
				CLANG_WARN_UNREACHABLE_CODE = YES;
				CLANG_WARN__DUPLICATE_METHOD_MATCH = YES;
				COPY_PHASE_STRIP = NO;
				DEBUG_INFORMATION_FORMAT = dwarf;
				ENABLE_STRICT_OBJC_MSGSEND = YES;
				ENABLE_TESTABILITY = YES;
				GCC_C_LANGUAGE_STANDARD = gnu11;
				GCC_DYNAMIC_NO_PIC = NO;
				GCC_NO_COMMON_BLOCKS = YES;
				GCC_OPTIMIZATION_LEVEL = 0;
				GCC_PREPROCESSOR_DEFINITIONS = (
					"DEBUG=1",
					"$(inherited)",
				);
				GCC_WARN_64_TO_32_BIT_CONVERSION = YES;
				GCC_WARN_ABOUT_RETURN_TYPE = YES_ERROR;
				GCC_WARN_UNDECLARED_SELECTOR = YES;
				GCC_WARN_UNINITIALIZED_AUTOS = YES_AGGRESSIVE;
				GCC_WARN_UNUSED_FUNCTION = YES;
				GCC_WARN_UNUSED_VARIABLE = YES;
				IPHONEOS_DEPLOYMENT_TARGET = 14.5;
				MTL_ENABLE_DEBUG_INFO = INCLUDE_SOURCE;
				MTL_FAST_MATH = YES;
				ONLY_ACTIVE_ARCH = YES;
				SDKROOT = iphoneos;
				SWIFT_ACTIVE_COMPILATION_CONDITIONS = DEBUG;
				SWIFT_OPTIMIZATION_LEVEL = "-Onone";
			};
			name = Debug;
		};
		A8AB7A0426AAEE810023BB6E /* Release */ = {
			isa = XCBuildConfiguration;
			buildSettings = {
				ALWAYS_SEARCH_USER_PATHS = NO;
				CLANG_ANALYZER_NONNULL = YES;
				CLANG_ANALYZER_NUMBER_OBJECT_CONVERSION = YES_AGGRESSIVE;
				CLANG_CXX_LANGUAGE_STANDARD = "gnu++14";
				CLANG_CXX_LIBRARY = "libc++";
				CLANG_ENABLE_MODULES = YES;
				CLANG_ENABLE_OBJC_ARC = YES;
				CLANG_ENABLE_OBJC_WEAK = YES;
				CLANG_WARN_BLOCK_CAPTURE_AUTORELEASING = YES;
				CLANG_WARN_BOOL_CONVERSION = YES;
				CLANG_WARN_COMMA = YES;
				CLANG_WARN_CONSTANT_CONVERSION = YES;
				CLANG_WARN_DEPRECATED_OBJC_IMPLEMENTATIONS = YES;
				CLANG_WARN_DIRECT_OBJC_ISA_USAGE = YES_ERROR;
				CLANG_WARN_DOCUMENTATION_COMMENTS = YES;
				CLANG_WARN_EMPTY_BODY = YES;
				CLANG_WARN_ENUM_CONVERSION = YES;
				CLANG_WARN_INFINITE_RECURSION = YES;
				CLANG_WARN_INT_CONVERSION = YES;
				CLANG_WARN_NON_LITERAL_NULL_CONVERSION = YES;
				CLANG_WARN_OBJC_IMPLICIT_RETAIN_SELF = YES;
				CLANG_WARN_OBJC_LITERAL_CONVERSION = YES;
				CLANG_WARN_OBJC_ROOT_CLASS = YES_ERROR;
				CLANG_WARN_QUOTED_INCLUDE_IN_FRAMEWORK_HEADER = YES;
				CLANG_WARN_RANGE_LOOP_ANALYSIS = YES;
				CLANG_WARN_STRICT_PROTOTYPES = YES;
				CLANG_WARN_SUSPICIOUS_MOVE = YES;
				CLANG_WARN_UNGUARDED_AVAILABILITY = YES_AGGRESSIVE;
				CLANG_WARN_UNREACHABLE_CODE = YES;
				CLANG_WARN__DUPLICATE_METHOD_MATCH = YES;
				COPY_PHASE_STRIP = NO;
				DEBUG_INFORMATION_FORMAT = "dwarf-with-dsym";
				ENABLE_NS_ASSERTIONS = NO;
				ENABLE_STRICT_OBJC_MSGSEND = YES;
				GCC_C_LANGUAGE_STANDARD = gnu11;
				GCC_NO_COMMON_BLOCKS = YES;
				GCC_WARN_64_TO_32_BIT_CONVERSION = YES;
				GCC_WARN_ABOUT_RETURN_TYPE = YES_ERROR;
				GCC_WARN_UNDECLARED_SELECTOR = YES;
				GCC_WARN_UNINITIALIZED_AUTOS = YES_AGGRESSIVE;
				GCC_WARN_UNUSED_FUNCTION = YES;
				GCC_WARN_UNUSED_VARIABLE = YES;
				IPHONEOS_DEPLOYMENT_TARGET = 14.5;
				MTL_ENABLE_DEBUG_INFO = NO;
				MTL_FAST_MATH = YES;
				SDKROOT = iphoneos;
				SWIFT_COMPILATION_MODE = wholemodule;
				SWIFT_OPTIMIZATION_LEVEL = "-O";
				VALIDATE_PRODUCT = YES;
			};
			name = Release;
		};
		A8AB7A0626AAEE810023BB6E /* Debug */ = {
			isa = XCBuildConfiguration;
			buildSettings = {
				ASSETCATALOG_COMPILER_APPICON_NAME = AppIcon;
				ASSETCATALOG_COMPILER_GLOBAL_ACCENT_COLOR_NAME = AccentColor;
				CODE_SIGN_STYLE = Automatic;
				DEVELOPMENT_TEAM = 7MJ69FU8BU;
				INFOPLIST_FILE = DataTransfer_Delegation/Info.plist;
				LD_RUNPATH_SEARCH_PATHS = (
					"$(inherited)",
					"@executable_path/Frameworks",
				);
				PRODUCT_BUNDLE_IDENTIFIER = "Tacocat.DataTransfer-Delegation";
				PRODUCT_NAME = "$(TARGET_NAME)";
				SWIFT_VERSION = 5.0;
				TARGETED_DEVICE_FAMILY = "1,2";
			};
			name = Debug;
		};
		A8AB7A0726AAEE810023BB6E /* Release */ = {
			isa = XCBuildConfiguration;
			buildSettings = {
				ASSETCATALOG_COMPILER_APPICON_NAME = AppIcon;
				ASSETCATALOG_COMPILER_GLOBAL_ACCENT_COLOR_NAME = AccentColor;
				CODE_SIGN_STYLE = Automatic;
				DEVELOPMENT_TEAM = 7MJ69FU8BU;
				INFOPLIST_FILE = DataTransfer_Delegation/Info.plist;
				LD_RUNPATH_SEARCH_PATHS = (
					"$(inherited)",
					"@executable_path/Frameworks",
				);
				PRODUCT_BUNDLE_IDENTIFIER = "Tacocat.DataTransfer-Delegation";
				PRODUCT_NAME = "$(TARGET_NAME)";
				SWIFT_VERSION = 5.0;
				TARGETED_DEVICE_FAMILY = "1,2";
			};
			name = Release;
		};
/* End XCBuildConfiguration section */

/* Begin XCConfigurationList section */
		A8AB79E926AAEE7F0023BB6E /* Build configuration list for PBXProject "DataTransfer_Delegation" */ = {
			isa = XCConfigurationList;
			buildConfigurations = (
				A8AB7A0326AAEE810023BB6E /* Debug */,
				A8AB7A0426AAEE810023BB6E /* Release */,
			);
			defaultConfigurationIsVisible = 0;
			defaultConfigurationName = Release;
		};
		A8AB7A0526AAEE810023BB6E /* Build configuration list for PBXNativeTarget "DataTransfer_Delegation" */ = {
			isa = XCConfigurationList;
			buildConfigurations = (
				A8AB7A0626AAEE810023BB6E /* Debug */,
				A8AB7A0726AAEE810023BB6E /* Release */,
			);
			defaultConfigurationIsVisible = 0;
			defaultConfigurationName = Release;
		};
/* End XCConfigurationList section */

/* Begin XCVersionGroup section */
		A8AB79FA26AAEE7F0023BB6E /* DataTransfer_Delegation.xcdatamodeld */ = {
			isa = XCVersionGroup;
			children = (
				A8AB79FB26AAEE7F0023BB6E /* DataTransfer_Delegation.xcdatamodel */,
			);
			currentVersion = A8AB79FB26AAEE7F0023BB6E /* DataTransfer_Delegation.xcdatamodel */;
			path = DataTransfer_Delegation.xcdatamodeld;
			sourceTree = "<group>";
			versionGroupType = wrapper.xcdatamodel;
		};
/* End XCVersionGroup section */
	};
	rootObject = A8AB79E626AAEE7F0023BB6E /* Project object */;
}
