// !$*UTF8*$!
{
	archiveVersion = 1;
	classes = {
	};
	objectVersion = 50;
	objects = {

/* Begin PBXBuildFile section */
		A8AB799F26A986900023BB6E /* AppDelegate.swift in Sources */ = {isa = PBXBuildFile; fileRef = A8AB799E26A986900023BB6E /* AppDelegate.swift */; };
		A8AB79A126A986900023BB6E /* SceneDelegate.swift in Sources */ = {isa = PBXBuildFile; fileRef = A8AB79A026A986900023BB6E /* SceneDelegate.swift */; };
		A8AB79A326A986900023BB6E /* ViewController.swift in Sources */ = {isa = PBXBuildFile; fileRef = A8AB79A226A986900023BB6E /* ViewController.swift */; };
		A8AB79A626A986900023BB6E /* Main.storyboard in Resources */ = {isa = PBXBuildFile; fileRef = A8AB79A426A986900023BB6E /* Main.storyboard */; };
		A8AB79A926A986900023BB6E /* NotificationCenter.xcdatamodeld in Sources */ = {isa = PBXBuildFile; fileRef = A8AB79A726A986900023BB6E /* NotificationCenter.xcdatamodeld */; };
		A8AB79AB26A986920023BB6E /* Assets.xcassets in Resources */ = {isa = PBXBuildFile; fileRef = A8AB79AA26A986920023BB6E /* Assets.xcassets */; };
		A8AB79AE26A986920023BB6E /* LaunchScreen.storyboard in Resources */ = {isa = PBXBuildFile; fileRef = A8AB79AC26A986920023BB6E /* LaunchScreen.storyboard */; };
		A8AB79BB26A98BFB0023BB6E /* NotificationVC.swift in Sources */ = {isa = PBXBuildFile; fileRef = A8AB79B926A987930023BB6E /* NotificationVC.swift */; };
		A8AB79BD26A9A0660023BB6E /* ObserverVC.swift in Sources */ = {isa = PBXBuildFile; fileRef = A8AB79BC26A9A0660023BB6E /* ObserverVC.swift */; };
/* End PBXBuildFile section */

/* Begin PBXFileReference section */
		A8AB799B26A986900023BB6E /* NotificationCenter.app */ = {isa = PBXFileReference; explicitFileType = wrapper.application; includeInIndex = 0; path = NotificationCenter.app; sourceTree = BUILT_PRODUCTS_DIR; };
		A8AB799E26A986900023BB6E /* AppDelegate.swift */ = {isa = PBXFileReference; lastKnownFileType = sourcecode.swift; path = AppDelegate.swift; sourceTree = "<group>"; };
		A8AB79A026A986900023BB6E /* SceneDelegate.swift */ = {isa = PBXFileReference; lastKnownFileType = sourcecode.swift; path = SceneDelegate.swift; sourceTree = "<group>"; };
		A8AB79A226A986900023BB6E /* ViewController.swift */ = {isa = PBXFileReference; lastKnownFileType = sourcecode.swift; path = ViewController.swift; sourceTree = "<group>"; };
		A8AB79A526A986900023BB6E /* Base */ = {isa = PBXFileReference; lastKnownFileType = file.storyboard; name = Base; path = Base.lproj/Main.storyboard; sourceTree = "<group>"; };
		A8AB79A826A986900023BB6E /* NotificationCenter.xcdatamodel */ = {isa = PBXFileReference; lastKnownFileType = wrapper.xcdatamodel; path = NotificationCenter.xcdatamodel; sourceTree = "<group>"; };
		A8AB79AA26A986920023BB6E /* Assets.xcassets */ = {isa = PBXFileReference; lastKnownFileType = folder.assetcatalog; path = Assets.xcassets; sourceTree = "<group>"; };
		A8AB79AD26A986920023BB6E /* Base */ = {isa = PBXFileReference; lastKnownFileType = file.storyboard; name = Base; path = Base.lproj/LaunchScreen.storyboard; sourceTree = "<group>"; };
		A8AB79AF26A986920023BB6E /* Info.plist */ = {isa = PBXFileReference; lastKnownFileType = text.plist.xml; path = Info.plist; sourceTree = "<group>"; };
		A8AB79B926A987930023BB6E /* NotificationVC.swift */ = {isa = PBXFileReference; lastKnownFileType = sourcecode.swift; path = NotificationVC.swift; sourceTree = "<group>"; };
		A8AB79BC26A9A0660023BB6E /* ObserverVC.swift */ = {isa = PBXFileReference; lastKnownFileType = sourcecode.swift; path = ObserverVC.swift; sourceTree = "<group>"; };
/* End PBXFileReference section */

/* Begin PBXFrameworksBuildPhase section */
		A8AB799826A986900023BB6E /* Frameworks */ = {
			isa = PBXFrameworksBuildPhase;
			buildActionMask = 2147483647;
			files = (
			);
			runOnlyForDeploymentPostprocessing = 0;
		};
/* End PBXFrameworksBuildPhase section */

/* Begin PBXGroup section */
		A8AB799226A986900023BB6E = {
			isa = PBXGroup;
			children = (
				A8AB799D26A986900023BB6E /* NotificationCenter */,
				A8AB799C26A986900023BB6E /* Products */,
			);
			sourceTree = "<group>";
		};
		A8AB799C26A986900023BB6E /* Products */ = {
			isa = PBXGroup;
			children = (
				A8AB799B26A986900023BB6E /* NotificationCenter.app */,
			);
			name = Products;
			sourceTree = "<group>";
		};
		A8AB799D26A986900023BB6E /* NotificationCenter */ = {
			isa = PBXGroup;
			children = (
				A8AB79B826A987780023BB6E /* Model */,
				A8AB79B726A987700023BB6E /* Delegate */,
				A8AB79B626A987650023BB6E /* Controller */,
				A8AB79B526A987590023BB6E /* View */,
				A8AB79AA26A986920023BB6E /* Assets.xcassets */,
				A8AB79AF26A986920023BB6E /* Info.plist */,
				A8AB79A726A986900023BB6E /* NotificationCenter.xcdatamodeld */,
			);
			path = NotificationCenter;
			sourceTree = "<group>";
		};
		A8AB79B526A987590023BB6E /* View */ = {
			isa = PBXGroup;
			children = (
				A8AB79A426A986900023BB6E /* Main.storyboard */,
				A8AB79AC26A986920023BB6E /* LaunchScreen.storyboard */,
			);
			path = View;
			sourceTree = "<group>";
		};
		A8AB79B626A987650023BB6E /* Controller */ = {
			isa = PBXGroup;
			children = (
				A8AB79A226A986900023BB6E /* ViewController.swift */,
				A8AB79B926A987930023BB6E /* NotificationVC.swift */,
				A8AB79BC26A9A0660023BB6E /* ObserverVC.swift */,
			);
			path = Controller;
			sourceTree = "<group>";
		};
		A8AB79B726A987700023BB6E /* Delegate */ = {
			isa = PBXGroup;
			children = (
				A8AB799E26A986900023BB6E /* AppDelegate.swift */,
				A8AB79A026A986900023BB6E /* SceneDelegate.swift */,
			);
			path = Delegate;
			sourceTree = "<group>";
		};
		A8AB79B826A987780023BB6E /* Model */ = {
			isa = PBXGroup;
			children = (
			);
			path = Model;
			sourceTree = "<group>";
		};
/* End PBXGroup section */

/* Begin PBXNativeTarget section */
		A8AB799A26A986900023BB6E /* NotificationCenter */ = {
			isa = PBXNativeTarget;
			buildConfigurationList = A8AB79B226A986920023BB6E /* Build configuration list for PBXNativeTarget "NotificationCenter" */;
			buildPhases = (
				A8AB799726A986900023BB6E /* Sources */,
				A8AB799826A986900023BB6E /* Frameworks */,
				A8AB799926A986900023BB6E /* Resources */,
			);
			buildRules = (
			);
			dependencies = (
			);
			name = NotificationCenter;
			productName = NotificationCenter;
			productReference = A8AB799B26A986900023BB6E /* NotificationCenter.app */;
			productType = "com.apple.product-type.application";
		};
/* End PBXNativeTarget section */

/* Begin PBXProject section */
		A8AB799326A986900023BB6E /* Project object */ = {
			isa = PBXProject;
			attributes = {
				LastSwiftUpdateCheck = 1250;
				LastUpgradeCheck = 1250;
				TargetAttributes = {
					A8AB799A26A986900023BB6E = {
						CreatedOnToolsVersion = 12.5;
					};
				};
			};
			buildConfigurationList = A8AB799626A986900023BB6E /* Build configuration list for PBXProject "NotificationCenter" */;
			compatibilityVersion = "Xcode 9.3";
			developmentRegion = en;
			hasScannedForEncodings = 0;
			knownRegions = (
				en,
				Base,
			);
			mainGroup = A8AB799226A986900023BB6E;
			productRefGroup = A8AB799C26A986900023BB6E /* Products */;
			projectDirPath = "";
			projectRoot = "";
			targets = (
				A8AB799A26A986900023BB6E /* NotificationCenter */,
			);
		};
/* End PBXProject section */

/* Begin PBXResourcesBuildPhase section */
		A8AB799926A986900023BB6E /* Resources */ = {
			isa = PBXResourcesBuildPhase;
			buildActionMask = 2147483647;
			files = (
				A8AB79AE26A986920023BB6E /* LaunchScreen.storyboard in Resources */,
				A8AB79AB26A986920023BB6E /* Assets.xcassets in Resources */,
				A8AB79A626A986900023BB6E /* Main.storyboard in Resources */,
			);
			runOnlyForDeploymentPostprocessing = 0;
		};
/* End PBXResourcesBuildPhase section */

/* Begin PBXSourcesBuildPhase section */
		A8AB799726A986900023BB6E /* Sources */ = {
			isa = PBXSourcesBuildPhase;
			buildActionMask = 2147483647;
			files = (
				A8AB79BD26A9A0660023BB6E /* ObserverVC.swift in Sources */,
				A8AB79A326A986900023BB6E /* ViewController.swift in Sources */,
				A8AB79BB26A98BFB0023BB6E /* NotificationVC.swift in Sources */,
				A8AB799F26A986900023BB6E /* AppDelegate.swift in Sources */,
				A8AB79A126A986900023BB6E /* SceneDelegate.swift in Sources */,
				A8AB79A926A986900023BB6E /* NotificationCenter.xcdatamodeld in Sources */,
			);
			runOnlyForDeploymentPostprocessing = 0;
		};
/* End PBXSourcesBuildPhase section */

/* Begin PBXVariantGroup section */
		A8AB79A426A986900023BB6E /* Main.storyboard */ = {
			isa = PBXVariantGroup;
			children = (
				A8AB79A526A986900023BB6E /* Base */,
			);
			name = Main.storyboard;
			sourceTree = "<group>";
		};
		A8AB79AC26A986920023BB6E /* LaunchScreen.storyboard */ = {
			isa = PBXVariantGroup;
			children = (
				A8AB79AD26A986920023BB6E /* Base */,
			);
			name = LaunchScreen.storyboard;
			sourceTree = "<group>";
		};
/* End PBXVariantGroup section */

/* Begin XCBuildConfiguration section */
		A8AB79B026A986920023BB6E /* Debug */ = {
			isa = XCBuildConfiguration;
			buildSettings = {
				ALWAYS_SEARCH_USER_PATHS = NO;
				CLANG_ANALYZER_NONNULL = YES;
				CLANG_ANALYZER_NUMBER_OBJECT_CONVERSION = YES_AGGRESSIVE;
				CLANG_CXX_LANGUAGE_STANDARD = "gnu++14";
				CLANG_CXX_LIBRARY = "libc++";
				CLANG_ENABLE_MODULES = YES;
				CLANG_ENABLE_OBJC_ARC = YES;
				CLANG_ENABLE_OBJC_WEAK = YES;
				CLANG_WARN_BLOCK_CAPTURE_AUTORELEASING = YES;
				CLANG_WARN_BOOL_CONVERSION = YES;
				CLANG_WARN_COMMA = YES;
				CLANG_WARN_CONSTANT_CONVERSION = YES;
				CLANG_WARN_DEPRECATED_OBJC_IMPLEMENTATIONS = YES;
				CLANG_WARN_DIRECT_OBJC_ISA_USAGE = YES_ERROR;
				CLANG_WARN_DOCUMENTATION_COMMENTS = YES;
				CLANG_WARN_EMPTY_BODY = YES;
				CLANG_WARN_ENUM_CONVERSION = YES;
				CLANG_WARN_INFINITE_RECURSION = YES;
				CLANG_WARN_INT_CONVERSION = YES;
				CLANG_WARN_NON_LITERAL_NULL_CONVERSION = YES;
				CLANG_WARN_OBJC_IMPLICIT_RETAIN_SELF = YES;
				CLANG_WARN_OBJC_LITERAL_CONVERSION = YES;
				CLANG_WARN_OBJC_ROOT_CLASS = YES_ERROR;
				CLANG_WARN_QUOTED_INCLUDE_IN_FRAMEWORK_HEADER = YES;
				CLANG_WARN_RANGE_LOOP_ANALYSIS = YES;
				CLANG_WARN_STRICT_PROTOTYPES = YES;
				CLANG_WARN_SUSPICIOUS_MOVE = YES;
				CLANG_WARN_UNGUARDED_AVAILABILITY = YES_AGGRESSIVE;
				CLANG_WARN_UNREACHABLE_CODE = YES;
				CLANG_WARN__DUPLICATE_METHOD_MATCH = YES;
				COPY_PHASE_STRIP = NO;
				DEBUG_INFORMATION_FORMAT = dwarf;
				ENABLE_STRICT_OBJC_MSGSEND = YES;
				ENABLE_TESTABILITY = YES;
				GCC_C_LANGUAGE_STANDARD = gnu11;
				GCC_DYNAMIC_NO_PIC = NO;
				GCC_NO_COMMON_BLOCKS = YES;
				GCC_OPTIMIZATION_LEVEL = 0;
				GCC_PREPROCESSOR_DEFINITIONS = (
					"DEBUG=1",
					"$(inherited)",
				);
				GCC_WARN_64_TO_32_BIT_CONVERSION = YES;
				GCC_WARN_ABOUT_RETURN_TYPE = YES_ERROR;
				GCC_WARN_UNDECLARED_SELECTOR = YES;
				GCC_WARN_UNINITIALIZED_AUTOS = YES_AGGRESSIVE;
				GCC_WARN_UNUSED_FUNCTION = YES;
				GCC_WARN_UNUSED_VARIABLE = YES;
				IPHONEOS_DEPLOYMENT_TARGET = 14.5;
				MTL_ENABLE_DEBUG_INFO = INCLUDE_SOURCE;
				MTL_FAST_MATH = YES;
				ONLY_ACTIVE_ARCH = YES;
				SDKROOT = iphoneos;
				SWIFT_ACTIVE_COMPILATION_CONDITIONS = DEBUG;
				SWIFT_OPTIMIZATION_LEVEL = "-Onone";
			};
			name = Debug;
		};
		A8AB79B126A986920023BB6E /* Release */ = {
			isa = XCBuildConfiguration;
			buildSettings = {
				ALWAYS_SEARCH_USER_PATHS = NO;
				CLANG_ANALYZER_NONNULL = YES;
				CLANG_ANALYZER_NUMBER_OBJECT_CONVERSION = YES_AGGRESSIVE;
				CLANG_CXX_LANGUAGE_STANDARD = "gnu++14";
				CLANG_CXX_LIBRARY = "libc++";
				CLANG_ENABLE_MODULES = YES;
				CLANG_ENABLE_OBJC_ARC = YES;
				CLANG_ENABLE_OBJC_WEAK = YES;
				CLANG_WARN_BLOCK_CAPTURE_AUTORELEASING = YES;
				CLANG_WARN_BOOL_CONVERSION = YES;
				CLANG_WARN_COMMA = YES;
				CLANG_WARN_CONSTANT_CONVERSION = YES;
				CLANG_WARN_DEPRECATED_OBJC_IMPLEMENTATIONS = YES;
				CLANG_WARN_DIRECT_OBJC_ISA_USAGE = YES_ERROR;
				CLANG_WARN_DOCUMENTATION_COMMENTS = YES;
				CLANG_WARN_EMPTY_BODY = YES;
				CLANG_WARN_ENUM_CONVERSION = YES;
				CLANG_WARN_INFINITE_RECURSION = YES;
				CLANG_WARN_INT_CONVERSION = YES;
				CLANG_WARN_NON_LITERAL_NULL_CONVERSION = YES;
				CLANG_WARN_OBJC_IMPLICIT_RETAIN_SELF = YES;
				CLANG_WARN_OBJC_LITERAL_CONVERSION = YES;
				CLANG_WARN_OBJC_ROOT_CLASS = YES_ERROR;
				CLANG_WARN_QUOTED_INCLUDE_IN_FRAMEWORK_HEADER = YES;
				CLANG_WARN_RANGE_LOOP_ANALYSIS = YES;
				CLANG_WARN_STRICT_PROTOTYPES = YES;
				CLANG_WARN_SUSPICIOUS_MOVE = YES;
				CLANG_WARN_UNGUARDED_AVAILABILITY = YES_AGGRESSIVE;
				CLANG_WARN_UNREACHABLE_CODE = YES;
				CLANG_WARN__DUPLICATE_METHOD_MATCH = YES;
				COPY_PHASE_STRIP = NO;
				DEBUG_INFORMATION_FORMAT = "dwarf-with-dsym";
				ENABLE_NS_ASSERTIONS = NO;
				ENABLE_STRICT_OBJC_MSGSEND = YES;
				GCC_C_LANGUAGE_STANDARD = gnu11;
				GCC_NO_COMMON_BLOCKS = YES;
				GCC_WARN_64_TO_32_BIT_CONVERSION = YES;
				GCC_WARN_ABOUT_RETURN_TYPE = YES_ERROR;
				GCC_WARN_UNDECLARED_SELECTOR = YES;
				GCC_WARN_UNINITIALIZED_AUTOS = YES_AGGRESSIVE;
				GCC_WARN_UNUSED_FUNCTION = YES;
				GCC_WARN_UNUSED_VARIABLE = YES;
				IPHONEOS_DEPLOYMENT_TARGET = 14.5;
				MTL_ENABLE_DEBUG_INFO = NO;
				MTL_FAST_MATH = YES;
				SDKROOT = iphoneos;
				SWIFT_COMPILATION_MODE = wholemodule;
				SWIFT_OPTIMIZATION_LEVEL = "-O";
				VALIDATE_PRODUCT = YES;
			};
			name = Release;
		};
		A8AB79B326A986920023BB6E /* Debug */ = {
			isa = XCBuildConfiguration;
			buildSettings = {
				ASSETCATALOG_COMPILER_APPICON_NAME = AppIcon;
				ASSETCATALOG_COMPILER_GLOBAL_ACCENT_COLOR_NAME = AccentColor;
				CODE_SIGN_STYLE = Automatic;
				DEVELOPMENT_TEAM = 7MJ69FU8BU;
				INFOPLIST_FILE = NotificationCenter/Info.plist;
				LD_RUNPATH_SEARCH_PATHS = (
					"$(inherited)",
					"@executable_path/Frameworks",
				);
				PRODUCT_BUNDLE_IDENTIFIER = Tacocat.NotificationCenter;
				PRODUCT_NAME = "$(TARGET_NAME)";
				SWIFT_VERSION = 5.0;
				TARGETED_DEVICE_FAMILY = "1,2";
			};
			name = Debug;
		};
		A8AB79B426A986920023BB6E /* Release */ = {
			isa = XCBuildConfiguration;
			buildSettings = {
				ASSETCATALOG_COMPILER_APPICON_NAME = AppIcon;
				ASSETCATALOG_COMPILER_GLOBAL_ACCENT_COLOR_NAME = AccentColor;
				CODE_SIGN_STYLE = Automatic;
				DEVELOPMENT_TEAM = 7MJ69FU8BU;
				INFOPLIST_FILE = NotificationCenter/Info.plist;
				LD_RUNPATH_SEARCH_PATHS = (
					"$(inherited)",
					"@executable_path/Frameworks",
				);
				PRODUCT_BUNDLE_IDENTIFIER = Tacocat.NotificationCenter;
				PRODUCT_NAME = "$(TARGET_NAME)";
				SWIFT_VERSION = 5.0;
				TARGETED_DEVICE_FAMILY = "1,2";
			};
			name = Release;
		};
/* End XCBuildConfiguration section */

/* Begin XCConfigurationList section */
		A8AB799626A986900023BB6E /* Build configuration list for PBXProject "NotificationCenter" */ = {
			isa = XCConfigurationList;
			buildConfigurations = (
				A8AB79B026A986920023BB6E /* Debug */,
				A8AB79B126A986920023BB6E /* Release */,
			);
			defaultConfigurationIsVisible = 0;
			defaultConfigurationName = Release;
		};
		A8AB79B226A986920023BB6E /* Build configuration list for PBXNativeTarget "NotificationCenter" */ = {
			isa = XCConfigurationList;
			buildConfigurations = (
				A8AB79B326A986920023BB6E /* Debug */,
				A8AB79B426A986920023BB6E /* Release */,
			);
			defaultConfigurationIsVisible = 0;
			defaultConfigurationName = Release;
		};
/* End XCConfigurationList section */

/* Begin XCVersionGroup section */
		A8AB79A726A986900023BB6E /* NotificationCenter.xcdatamodeld */ = {
			isa = XCVersionGroup;
			children = (
				A8AB79A826A986900023BB6E /* NotificationCenter.xcdatamodel */,
			);
			currentVersion = A8AB79A826A986900023BB6E /* NotificationCenter.xcdatamodel */;
			path = NotificationCenter.xcdatamodeld;
			sourceTree = "<group>";
			versionGroupType = wrapper.xcdatamodel;
		};
/* End XCVersionGroup section */
	};
	rootObject = A8AB799326A986900023BB6E /* Project object */;
}
